
Microsoft Visual Studio Solution File, Format Version 12.00
# Visual Studio Version 17
VisualStudioVersion = 17.0.32112.339
MinimumVisualStudioVersion = 10.0.40219.1
Project("{9A19103F-16F7-4668-BE54-9A1E7A4F7556}") = "NaturalMixApi", "NaturalMixApi\NaturalMixApi.csproj", "{B176EC28-4485-422B-A9A4-5E79938763DD}"
EndProject
Project("{FAE04EC0-301F-11D3-BF4B-00C04F79EFBC}") = "NaturalMixApi.Tests", "NaturalMixApi.Tests\NaturalMixApi.Tests.csproj", "{9A9CFB3A-E33D-4287-ACB8-779A8B0B92AB}"
EndProject
Global
	GlobalSection(SolutionConfigurationPlatforms) = preSolution
		Debug|Any CPU = Debug|Any CPU
		Release|Any CPU = Release|Any CPU
	EndGlobalSection
	GlobalSection(ProjectConfigurationPlatforms) = postSolution
		{B176EC28-4485-422B-A9A4-5E79938763DD}.Debug|Any CPU.ActiveCfg = Debug|Any CPU
		{B176EC28-4485-422B-A9A4-5E79938763DD}.Debug|Any CPU.Build.0 = Debug|Any CPU
		{B176EC28-4485-422B-A9A4-5E79938763DD}.Release|Any CPU.ActiveCfg = Release|Any CPU
		{B176EC28-4485-422B-A9A4-5E79938763DD}.Release|Any CPU.Build.0 = Release|Any CPU
		{9A9CFB3A-E33D-4287-ACB8-779A8B0B92AB}.Debug|Any CPU.ActiveCfg = Debug|Any CPU
		{9A9CFB3A-E33D-4287-ACB8-779A8B0B92AB}.Debug|Any CPU.Build.0 = Debug|Any CPU
		{9A9CFB3A-E33D-4287-ACB8-779A8B0B92AB}.Release|Any CPU.ActiveCfg = Release|Any CPU
		{9A9CFB3A-E33D-4287-ACB8-779A8B0B92AB}.Release|Any CPU.Build.0 = Release|Any CPU
	EndGlobalSection
	GlobalSection(SolutionProperties) = preSolution
		HideSolutionNode = FALSE
	EndGlobalSection
	GlobalSection(ExtensibilityGlobals) = postSolution
		SolutionGuid = {F4480BDB-852F-417E-8734-86E0064D3E76}
	EndGlobalSection
EndGlobal
